{
  "originHash" : "0b33fe1e2a67eedddab0ede1e2f215af98d7682b7e67389b112ac4634a5be742",
  "pins" : [
    {
      "identity" : "swift-css-parser",
      "kind" : "remoteSourceControl",
      "location" : "https://github.com/stackotter/swift-css-parser",
      "state" : {
        "branch" : "main",
        "revision" : "2fab1e835b78ff82de4a8f6f9119be3b52231b08"
      }
    },
    {
      "identity" : "swiftcbor",
      "kind" : "remoteSourceControl",
      "location" : "https://github.com/valpackett/SwiftCBOR",
      "state" : {
        "revision" : "04ccff117f6549121d5721ec84fdf0162122b90e",
        "version" : "0.5.0"
      }
    },
    {
      "identity" : "yubikit-ios",
      "kind" : "remoteSourceControl",
      "location" : "https://github.com/Yubico/yubikit-ios",
      "state" : {
        "branch" : "jens/extensions",
        "revision" : "c7fe63989deb9258c4a41fb0ebf4900c716fb5ad"
      }
    }
  ],
  "version" : 3
}
