{
  "originHash" : "9b5c0021d49cc0f9e24467a00a6032f7fcf17d2e58433d5a68eafeefb27a3272",
  "pins" : [
    {
      "identity" : "swiftcbor",
      "kind" : "remoteSourceControl",
      "location" : "https://github.com/valpackett/SwiftCBOR",
      "state" : {
        "revision" : "04ccff117f6549121d5721ec84fdf0162122b90e",
        "version" : "0.5.0"
      }
    },
    {
      "identity" : "yubikit-swift",
      "kind" : "remoteSourceControl",
      "location" : "https://github.com/Yubico/yubikit-swift",
      "state" : {
        "revision" : "1d21235b00001966959582c65536ebda65b1c565",
        "version" : "1.1.1"
      }
    }
  ],
  "version" : 3
}
